// !$*UTF8*$!
{
	archiveVersion = 1;
	classes = {
	};
	objectVersion = 51;
	objects = {

/* Begin PBXBuildFile section */
		390564092203E75900834FC5 /* DesignModeController.m in Sources */ = {isa = PBXBuildFile; fileRef = 390564072203E75900834FC5 /* DesignModeController.m */; };
		3905640A2203E75900834FC5 /* DesignModeController.xib in Resources */ = {isa = PBXBuildFile; fileRef = 390564082203E75900834FC5 /* DesignModeController.xib */; };
		39056426220422B600834FC5 /* Note.js in Sources */ = {isa = PBXBuildFile; fileRef = 39056425220422B600834FC5 /* Note.js */; };
		3905642A220425B300834FC5 /* LibController.m in Sources */ = {isa = PBXBuildFile; fileRef = 39056428220425B300834FC5 /* LibController.m */; };
		3905642B220425B300834FC5 /* LibController.xib in Resources */ = {isa = PBXBuildFile; fileRef = 39056429220425B300834FC5 /* LibController.xib */; };
		3905642D220425E600834FC5 /* test.a in Frameworks */ = {isa = PBXBuildFile; fileRef = 3905642C220425E600834FC5 /* test.a */; };
		3905646A2204355500834FC5 /* JPFramework.framework in Frameworks */ = {isa = PBXBuildFile; fileRef = 390564692204355500834FC5 /* JPFramework.framework */; };
		3905646B2204356000834FC5 /* JPFramework.framework in CopyFiles */ = {isa = PBXBuildFile; fileRef = 390564692204355500834FC5 /* JPFramework.framework */; settings = {ATTRIBUTES = (CodeSignOnCopy, RemoveHeadersOnCopy, ); }; };
		3905712121E03D1E0061F6F8 /* AnimationController.m in Sources */ = {isa = PBXBuildFile; fileRef = 3905711F21E03D1E0061F6F8 /* AnimationController.m */; };
		3905712221E03D1E0061F6F8 /* AnimationController.xib in Resources */ = {isa = PBXBuildFile; fileRef = 3905712021E03D1E0061F6F8 /* AnimationController.xib */; };
		3907D0FE21EED061000B97AA /* RunLoopController.m in Sources */ = {isa = PBXBuildFile; fileRef = 3907D0FC21EED061000B97AA /* RunLoopController.m */; };
		3907D0FF21EED061000B97AA /* RunLoopController.xib in Resources */ = {isa = PBXBuildFile; fileRef = 3907D0FD21EED061000B97AA /* RunLoopController.xib */; };
		39084A3621F9D25800E2AA8A /* NativeNotificationController.m in Sources */ = {isa = PBXBuildFile; fileRef = 39084A3421F9D25800E2AA8A /* NativeNotificationController.m */; };
		39084A3721F9D25800E2AA8A /* NativeNotificationController.xib in Resources */ = {isa = PBXBuildFile; fileRef = 39084A3521F9D25800E2AA8A /* NativeNotificationController.xib */; };
		39084A3921F9D52B00E2AA8A /* notification.png in Resources */ = {isa = PBXBuildFile; fileRef = 39084A3821F9D52B00E2AA8A /* notification.png */; };
		390CCDF322050F5600D9879E /* CellReuseController.m in Sources */ = {isa = PBXBuildFile; fileRef = 390CCDF122050F5600D9879E /* CellReuseController.m */; };
		390CCDF422050F5600D9879E /* CellReuseController.xib in Resources */ = {isa = PBXBuildFile; fileRef = 390CCDF222050F5600D9879E /* CellReuseController.xib */; };
		390CCDF72205128A00D9879E /* ViewReusePool.m in Sources */ = {isa = PBXBuildFile; fileRef = 390CCDF62205128A00D9879E /* ViewReusePool.m */; };
		390CCDFA220514AA00D9879E /* IndexedTableview.m in Sources */ = {isa = PBXBuildFile; fileRef = 390CCDF9220514AA00D9879E /* IndexedTableview.m */; };
		390D01B82212FE3B0099C030 /* Duck.m in Sources */ = {isa = PBXBuildFile; fileRef = 390D01B72212FE3B0099C030 /* Duck.m */; };
		390D01BE2212FFC40099C030 /* FlyNoWay.m in Sources */ = {isa = PBXBuildFile; fileRef = 390D01BD2212FFC40099C030 /* FlyNoWay.m */; };
		390D01C1221300240099C030 /* FlyWithWings.m in Sources */ = {isa = PBXBuildFile; fileRef = 390D01C0221300240099C030 /* FlyWithWings.m */; };
		390D01C4221300A70099C030 /* DomesticDuck.m in Sources */ = {isa = PBXBuildFile; fileRef = 390D01C3221300A70099C030 /* DomesticDuck.m */; };
		390D01C7221301210099C030 /* GaGaQuack.m in Sources */ = {isa = PBXBuildFile; fileRef = 390D01C6221301210099C030 /* GaGaQuack.m */; };
		390D01CA221301300099C030 /* GuGuQuack.m in Sources */ = {isa = PBXBuildFile; fileRef = 390D01C9221301300099C030 /* GuGuQuack.m */; };
		390D01CD2213019B0099C030 /* MallardDuck.m in Sources */ = {isa = PBXBuildFile; fileRef = 390D01CC2213019B0099C030 /* MallardDuck.m */; };
		390D01D22213050B0099C030 /* Espresso.m in Sources */ = {isa = PBXBuildFile; fileRef = 390D01D12213050B0099C030 /* Espresso.m */; };
		390D01D62213067A0099C030 /* Milk.m in Sources */ = {isa = PBXBuildFile; fileRef = 390D01D52213067A0099C030 /* Milk.m */; };
		390D01D9221307CE0099C030 /* Mocha.m in Sources */ = {isa = PBXBuildFile; fileRef = 390D01D8221307CE0099C030 /* Mocha.m */; };
		390FD6EB21E7828D005B0032 /* 与JS的交互.html in Sources */ = {isa = PBXBuildFile; fileRef = 390FD6EA21E7828D005B0032 /* 与JS的交互.html */; };
		390FD6EF21E7869E005B0032 /* WkWebViewController.m in Sources */ = {isa = PBXBuildFile; fileRef = 390FD6EE21E7869E005B0032 /* WkWebViewController.m */; };
		390FD6F321E788BD005B0032 /* demo2.html in Resources */ = {isa = PBXBuildFile; fileRef = 390FD6F221E788BD005B0032 /* demo2.html */; };
		392497E6220290C8002C3468 /* TicketManager.m in Sources */ = {isa = PBXBuildFile; fileRef = 392497E5220290C8002C3468 /* TicketManager.m */; };
		392497E922030A07002C3468 /* TaskSingle.m in Sources */ = {isa = PBXBuildFile; fileRef = 392497E822030A07002C3468 /* TaskSingle.m */; };
		392497EC22030DEC002C3468 /* CustomOperation.m in Sources */ = {isa = PBXBuildFile; fileRef = 392497EB22030DEC002C3468 /* CustomOperation.m */; };
		3937EBC421EDE21F00218EC3 /* ThreadController.m in Sources */ = {isa = PBXBuildFile; fileRef = 3937EBC221EDE21F00218EC3 /* ThreadController.m */; };
		3937EBC521EDE21F00218EC3 /* ThreadController.xib in Resources */ = {isa = PBXBuildFile; fileRef = 3937EBC321EDE21F00218EC3 /* ThreadController.xib */; };
		39419FCB235071EA00D0D13F /* PrivatePodsController.m in Sources */ = {isa = PBXBuildFile; fileRef = 39419FCA235071EA00D0D13F /* PrivatePodsController.m */; };
		39478EC221E4B61200C31A51 /* JPWebController.m in Sources */ = {isa = PBXBuildFile; fileRef = 39478EC121E4B61200C31A51 /* JPWebController.m */; };
		394A420E221A3D7D00031585 /* ResponeLinkController.m in Sources */ = {isa = PBXBuildFile; fileRef = 394A420C221A3D7D00031585 /* ResponeLinkController.m */; };
		394A420F221A3D7D00031585 /* ResponeLinkController.xib in Resources */ = {isa = PBXBuildFile; fileRef = 394A420D221A3D7D00031585 /* ResponeLinkController.xib */; };
		394A4212221A404000031585 /* CustomButton.m in Sources */ = {isa = PBXBuildFile; fileRef = 394A4211221A404000031585 /* CustomButton.m */; };
		394B01DD21DE3E39003F5210 /* AppDelegate.m in Sources */ = {isa = PBXBuildFile; fileRef = 394B01DC21DE3E39003F5210 /* AppDelegate.m */; };
		394B01E021DE3E39003F5210 /* ViewController.m in Sources */ = {isa = PBXBuildFile; fileRef = 394B01DF21DE3E39003F5210 /* ViewController.m */; settings = {COMPILER_FLAGS = "-fno-objc-arc"; }; };
		394B01E321DE3E39003F5210 /* Main.storyboard in Resources */ = {isa = PBXBuildFile; fileRef = 394B01E121DE3E39003F5210 /* Main.storyboard */; };
		394B01E521DE3E3A003F5210 /* Assets.xcassets in Resources */ = {isa = PBXBuildFile; fileRef = 394B01E421DE3E3A003F5210 /* Assets.xcassets */; };
		394B01E821DE3E3A003F5210 /* LaunchScreen.storyboard in Resources */ = {isa = PBXBuildFile; fileRef = 394B01E621DE3E3A003F5210 /* LaunchScreen.storyboard */; };
		394B01EB21DE3E3A003F5210 /* main.m in Sources */ = {isa = PBXBuildFile; fileRef = 394B01EA21DE3E3A003F5210 /* main.m */; };
		394B01F521DE3E3A003F5210 /* ____Tests.m in Sources */ = {isa = PBXBuildFile; fileRef = 394B01F421DE3E3A003F5210 /* ____Tests.m */; };
		394B020021DE3E3A003F5210 /* ____UITests.m in Sources */ = {isa = PBXBuildFile; fileRef = 394B01FF21DE3E3A003F5210 /* ____UITests.m */; };
		394B020F21DE3EFB003F5210 /* Person.m in Sources */ = {isa = PBXBuildFile; fileRef = 394B020E21DE3EFB003F5210 /* Person.m */; };
		39732C71235D859E00C7DEC8 /* PhoneUtils.m in Sources */ = {isa = PBXBuildFile; fileRef = 39732C6F235D859E00C7DEC8 /* PhoneUtils.m */; };
		398D42842355649E009DF79E /* Son.m in Sources */ = {isa = PBXBuildFile; fileRef = 398D42832355649E009DF79E /* Son.m */; };
		398D4287235564B2009DF79E /* RuntimeController.m in Sources */ = {isa = PBXBuildFile; fileRef = 398D4286235564B2009DF79E /* RuntimeController.m */; };
		39C2AC6121E847F600AC1524 /* CustomWebController.m in Sources */ = {isa = PBXBuildFile; fileRef = 39C2AC6021E847F600AC1524 /* CustomWebController.m */; };
		39C2AC6321E8C4AE00AC1524 /* demo3.html in Resources */ = {isa = PBXBuildFile; fileRef = 39C2AC6221E8C4AE00AC1524 /* demo3.html */; };
		39F3BC2921E4A7F10024E39B /* CustomJSObject.m in Sources */ = {isa = PBXBuildFile; fileRef = 39F3BC2821E4A7F10024E39B /* CustomJSObject.m */; };
		39F3BC2B21E4AAAF0024E39B /* demo.html in Resources */ = {isa = PBXBuildFile; fileRef = 39F3BC2A21E4AAAF0024E39B /* demo.html */; };
		4883DB86EB4E5B31F72EA8AF /* libPods-面试之道.a in Frameworks */ = {isa = PBXBuildFile; fileRef = 91737A42EA82076715B59CC0 /* libPods-面试之道.a */; };
/* End PBXBuildFile section */

/* Begin PBXContainerItemProxy section */
		394B01F121DE3E3A003F5210 /* PBXContainerItemProxy */ = {
			isa = PBXContainerItemProxy;
			containerPortal = 394B01D021DE3E39003F5210 /* Project object */;
			proxyType = 1;
			remoteGlobalIDString = 394B01D721DE3E39003F5210;
			remoteInfo = "面试之道";
		};
		394B01FC21DE3E3A003F5210 /* PBXContainerItemProxy */ = {
			isa = PBXContainerItemProxy;
			containerPortal = 394B01D021DE3E39003F5210 /* Project object */;
			proxyType = 1;
			remoteGlobalIDString = 394B01D721DE3E39003F5210;
			remoteInfo = "面试之道";
		};
/* End PBXContainerItemProxy section */

/* Begin PBXCopyFilesBuildPhase section */
		3905645D22042D6E00834FC5 /* CopyFiles */ = {
			isa = PBXCopyFilesBuildPhase;
			buildActionMask = 12;
			dstPath = "";
			dstSubfolderSpec = 10;
			files = (
				3905646B2204356000834FC5 /* JPFramework.framework in CopyFiles */,
			);
			runOnlyForDeploymentPostprocessing = 0;
		};
/* End PBXCopyFilesBuildPhase section */

/* Begin PBXFileReference section */
		1691C6625376885181C32095 /* Pods-面试之道.debug.xcconfig */ = {isa = PBXFileReference; includeInIndex = 1; lastKnownFileType = text.xcconfig; name = "Pods-面试之道.debug.xcconfig"; path = "Pods/Target Support Files/Pods-面试之道/Pods-面试之道.debug.xcconfig"; sourceTree = "<group>"; };
		390564062203E75900834FC5 /* DesignModeController.h */ = {isa = PBXFileReference; lastKnownFileType = sourcecode.c.h; path = DesignModeController.h; sourceTree = "<group>"; };
		390564072203E75900834FC5 /* DesignModeController.m */ = {isa = PBXFileReference; lastKnownFileType = sourcecode.c.objc; path = DesignModeController.m; sourceTree = "<group>"; };
		390564082203E75900834FC5 /* DesignModeController.xib */ = {isa = PBXFileReference; lastKnownFileType = file.xib; path = DesignModeController.xib; sourceTree = "<group>"; };
		39056425220422B600834FC5 /* Note.js */ = {isa = PBXFileReference; lastKnownFileType = sourcecode.javascript; path = Note.js; sourceTree = "<group>"; };
		39056427220425B300834FC5 /* LibController.h */ = {isa = PBXFileReference; lastKnownFileType = sourcecode.c.h; path = LibController.h; sourceTree = "<group>"; };
		39056428220425B300834FC5 /* LibController.m */ = {isa = PBXFileReference; lastKnownFileType = sourcecode.c.objc; path = LibController.m; sourceTree = "<group>"; };
		39056429220425B300834FC5 /* LibController.xib */ = {isa = PBXFileReference; lastKnownFileType = file.xib; path = LibController.xib; sourceTree = "<group>"; };
		3905642C220425E600834FC5 /* test.a */ = {isa = PBXFileReference; lastKnownFileType = archive.ar; path = test.a; sourceTree = "<group>"; };
		3905642F220425FC00834FC5 /* JPClass.h */ = {isa = PBXFileReference; fileEncoding = 4; lastKnownFileType = sourcecode.c.h; path = JPClass.h; sourceTree = "<group>"; };
		39056430220425FC00834FC5 /* JPLib.h */ = {isa = PBXFileReference; fileEncoding = 4; lastKnownFileType = sourcecode.c.h; path = JPLib.h; sourceTree = "<group>"; };
		390564692204355500834FC5 /* JPFramework.framework */ = {isa = PBXFileReference; lastKnownFileType = wrapper.framework; path = JPFramework.framework; sourceTree = "<group>"; };
		3905711E21E03D1E0061F6F8 /* AnimationController.h */ = {isa = PBXFileReference; lastKnownFileType = sourcecode.c.h; path = AnimationController.h; sourceTree = "<group>"; };
		3905711F21E03D1E0061F6F8 /* AnimationController.m */ = {isa = PBXFileReference; lastKnownFileType = sourcecode.c.objc; path = AnimationController.m; sourceTree = "<group>"; };
		3905712021E03D1E0061F6F8 /* AnimationController.xib */ = {isa = PBXFileReference; lastKnownFileType = file.xib; path = AnimationController.xib; sourceTree = "<group>"; };
		3907D0FB21EED061000B97AA /* RunLoopController.h */ = {isa = PBXFileReference; lastKnownFileType = sourcecode.c.h; path = RunLoopController.h; sourceTree = "<group>"; };
		3907D0FC21EED061000B97AA /* RunLoopController.m */ = {isa = PBXFileReference; lastKnownFileType = sourcecode.c.objc; path = RunLoopController.m; sourceTree = "<group>"; };
		3907D0FD21EED061000B97AA /* RunLoopController.xib */ = {isa = PBXFileReference; lastKnownFileType = file.xib; path = RunLoopController.xib; sourceTree = "<group>"; };
		39084A3321F9D25800E2AA8A /* NativeNotificationController.h */ = {isa = PBXFileReference; lastKnownFileType = sourcecode.c.h; path = NativeNotificationController.h; sourceTree = "<group>"; };
		39084A3421F9D25800E2AA8A /* NativeNotificationController.m */ = {isa = PBXFileReference; lastKnownFileType = sourcecode.c.objc; path = NativeNotificationController.m; sourceTree = "<group>"; };
		39084A3521F9D25800E2AA8A /* NativeNotificationController.xib */ = {isa = PBXFileReference; lastKnownFileType = file.xib; path = NativeNotificationController.xib; sourceTree = "<group>"; };
		39084A3821F9D52B00E2AA8A /* notification.png */ = {isa = PBXFileReference; lastKnownFileType = image.png; path = notification.png; sourceTree = "<group>"; };
		39084A3C21F9E64D00E2AA8A /* 面试之道.entitlements */ = {isa = PBXFileReference; lastKnownFileType = text.plist.entitlements; path = "面试之道.entitlements"; sourceTree = "<group>"; };
		390CCDF022050F5600D9879E /* CellReuseController.h */ = {isa = PBXFileReference; lastKnownFileType = sourcecode.c.h; path = CellReuseController.h; sourceTree = "<group>"; };
		390CCDF122050F5600D9879E /* CellReuseController.m */ = {isa = PBXFileReference; lastKnownFileType = sourcecode.c.objc; path = CellReuseController.m; sourceTree = "<group>"; };
		390CCDF222050F5600D9879E /* CellReuseController.xib */ = {isa = PBXFileReference; lastKnownFileType = file.xib; path = CellReuseController.xib; sourceTree = "<group>"; };
		390CCDF52205128A00D9879E /* ViewReusePool.h */ = {isa = PBXFileReference; lastKnownFileType = sourcecode.c.h; path = ViewReusePool.h; sourceTree = "<group>"; };
		390CCDF62205128A00D9879E /* ViewReusePool.m */ = {isa = PBXFileReference; lastKnownFileType = sourcecode.c.objc; path = ViewReusePool.m; sourceTree = "<group>"; };
		390CCDF8220514AA00D9879E /* IndexedTableview.h */ = {isa = PBXFileReference; lastKnownFileType = sourcecode.c.h; path = IndexedTableview.h; sourceTree = "<group>"; };
		390CCDF9220514AA00D9879E /* IndexedTableview.m */ = {isa = PBXFileReference; lastKnownFileType = sourcecode.c.objc; path = IndexedTableview.m; sourceTree = "<group>"; };
		390D01B62212FE3B0099C030 /* Duck.h */ = {isa = PBXFileReference; lastKnownFileType = sourcecode.c.h; path = Duck.h; sourceTree = "<group>"; };
		390D01B72212FE3B0099C030 /* Duck.m */ = {isa = PBXFileReference; lastKnownFileType = sourcecode.c.objc; path = Duck.m; sourceTree = "<group>"; };
		390D01BA2212FF800099C030 /* FlyBehavior.h */ = {isa = PBXFileReference; lastKnownFileType = sourcecode.c.h; path = FlyBehavior.h; sourceTree = "<group>"; };
		390D01BB2212FF8C0099C030 /* QuackBehavior.h */ = {isa = PBXFileReference; lastKnownFileType = sourcecode.c.h; path = QuackBehavior.h; sourceTree = "<group>"; };
		390D01BC2212FFC40099C030 /* FlyNoWay.h */ = {isa = PBXFileReference; lastKnownFileType = sourcecode.c.h; path = FlyNoWay.h; sourceTree = "<group>"; };
		390D01BD2212FFC40099C030 /* FlyNoWay.m */ = {isa = PBXFileReference; lastKnownFileType = sourcecode.c.objc; path = FlyNoWay.m; sourceTree = "<group>"; };
		390D01BF221300240099C030 /* FlyWithWings.h */ = {isa = PBXFileReference; lastKnownFileType = sourcecode.c.h; path = FlyWithWings.h; sourceTree = "<group>"; };
		390D01C0221300240099C030 /* FlyWithWings.m */ = {isa = PBXFileReference; lastKnownFileType = sourcecode.c.objc; path = FlyWithWings.m; sourceTree = "<group>"; };
		390D01C2221300A70099C030 /* DomesticDuck.h */ = {isa = PBXFileReference; lastKnownFileType = sourcecode.c.h; path = DomesticDuck.h; sourceTree = "<group>"; };
		390D01C3221300A70099C030 /* DomesticDuck.m */ = {isa = PBXFileReference; lastKnownFileType = sourcecode.c.objc; path = DomesticDuck.m; sourceTree = "<group>"; };
		390D01C5221301210099C030 /* GaGaQuack.h */ = {isa = PBXFileReference; lastKnownFileType = sourcecode.c.h; path = GaGaQuack.h; sourceTree = "<group>"; };
		390D01C6221301210099C030 /* GaGaQuack.m */ = {isa = PBXFileReference; lastKnownFileType = sourcecode.c.objc; path = GaGaQuack.m; sourceTree = "<group>"; };
		390D01C8221301300099C030 /* GuGuQuack.h */ = {isa = PBXFileReference; lastKnownFileType = sourcecode.c.h; path = GuGuQuack.h; sourceTree = "<group>"; };
		390D01C9221301300099C030 /* GuGuQuack.m */ = {isa = PBXFileReference; lastKnownFileType = sourcecode.c.objc; path = GuGuQuack.m; sourceTree = "<group>"; };
		390D01CB2213019B0099C030 /* MallardDuck.h */ = {isa = PBXFileReference; lastKnownFileType = sourcecode.c.h; path = MallardDuck.h; sourceTree = "<group>"; };
		390D01CC2213019B0099C030 /* MallardDuck.m */ = {isa = PBXFileReference; lastKnownFileType = sourcecode.c.objc; path = MallardDuck.m; sourceTree = "<group>"; };
		390D01CF221304C90099C030 /* Beverage.h */ = {isa = PBXFileReference; lastKnownFileType = sourcecode.c.h; path = Beverage.h; sourceTree = "<group>"; };
		390D01D02213050B0099C030 /* Espresso.h */ = {isa = PBXFileReference; lastKnownFileType = sourcecode.c.h; path = Espresso.h; sourceTree = "<group>"; };
		390D01D12213050B0099C030 /* Espresso.m */ = {isa = PBXFileReference; lastKnownFileType = sourcecode.c.objc; path = Espresso.m; sourceTree = "<group>"; };
		390D01D3221306430099C030 /* CodimentDecorator.h */ = {isa = PBXFileReference; lastKnownFileType = sourcecode.c.h; path = CodimentDecorator.h; sourceTree = "<group>"; };
		390D01D42213067A0099C030 /* Milk.h */ = {isa = PBXFileReference; lastKnownFileType = sourcecode.c.h; path = Milk.h; sourceTree = "<group>"; };
		390D01D52213067A0099C030 /* Milk.m */ = {isa = PBXFileReference; lastKnownFileType = sourcecode.c.objc; path = Milk.m; sourceTree = "<group>"; };
		390D01D7221307CE0099C030 /* Mocha.h */ = {isa = PBXFileReference; lastKnownFileType = sourcecode.c.h; path = Mocha.h; sourceTree = "<group>"; };
		390D01D8221307CE0099C030 /* Mocha.m */ = {isa = PBXFileReference; lastKnownFileType = sourcecode.c.objc; path = Mocha.m; sourceTree = "<group>"; };
		390FD6EA21E7828D005B0032 /* 与JS的交互.html */ = {isa = PBXFileReference; lastKnownFileType = text.html; path = "与JS的交互.html"; sourceTree = "<group>"; };
		390FD6ED21E7869E005B0032 /* WkWebViewController.h */ = {isa = PBXFileReference; lastKnownFileType = sourcecode.c.h; path = WkWebViewController.h; sourceTree = "<group>"; };
		390FD6EE21E7869E005B0032 /* WkWebViewController.m */ = {isa = PBXFileReference; lastKnownFileType = sourcecode.c.objc; path = WkWebViewController.m; sourceTree = "<group>"; };
		390FD6F221E788BD005B0032 /* demo2.html */ = {isa = PBXFileReference; fileEncoding = 4; lastKnownFileType = text.html; path = demo2.html; sourceTree = "<group>"; };
		392497E4220290C8002C3468 /* TicketManager.h */ = {isa = PBXFileReference; lastKnownFileType = sourcecode.c.h; path = TicketManager.h; sourceTree = "<group>"; };
		392497E5220290C8002C3468 /* TicketManager.m */ = {isa = PBXFileReference; lastKnownFileType = sourcecode.c.objc; path = TicketManager.m; sourceTree = "<group>"; };
		392497E722030A07002C3468 /* TaskSingle.h */ = {isa = PBXFileReference; lastKnownFileType = sourcecode.c.h; path = TaskSingle.h; sourceTree = "<group>"; };
		392497E822030A07002C3468 /* TaskSingle.m */ = {isa = PBXFileReference; lastKnownFileType = sourcecode.c.objc; path = TaskSingle.m; sourceTree = "<group>"; };
		392497EA22030DEC002C3468 /* CustomOperation.h */ = {isa = PBXFileReference; lastKnownFileType = sourcecode.c.h; path = CustomOperation.h; sourceTree = "<group>"; };
		392497EB22030DEC002C3468 /* CustomOperation.m */ = {isa = PBXFileReference; lastKnownFileType = sourcecode.c.objc; path = CustomOperation.m; sourceTree = "<group>"; };
		3937EBC121EDE21F00218EC3 /* ThreadController.h */ = {isa = PBXFileReference; lastKnownFileType = sourcecode.c.h; path = ThreadController.h; sourceTree = "<group>"; };
		3937EBC221EDE21F00218EC3 /* ThreadController.m */ = {isa = PBXFileReference; lastKnownFileType = sourcecode.c.objc; path = ThreadController.m; sourceTree = "<group>"; };
		3937EBC321EDE21F00218EC3 /* ThreadController.xib */ = {isa = PBXFileReference; lastKnownFileType = file.xib; path = ThreadController.xib; sourceTree = "<group>"; };
		39419FC9235071EA00D0D13F /* PrivatePodsController.h */ = {isa = PBXFileReference; lastKnownFileType = sourcecode.c.h; path = PrivatePodsController.h; sourceTree = "<group>"; };
		39419FCA235071EA00D0D13F /* PrivatePodsController.m */ = {isa = PBXFileReference; lastKnownFileType = sourcecode.c.objc; path = PrivatePodsController.m; sourceTree = "<group>"; };
		39478EC021E4B61200C31A51 /* JPWebController.h */ = {isa = PBXFileReference; lastKnownFileType = sourcecode.c.h; path = JPWebController.h; sourceTree = "<group>"; };
		39478EC121E4B61200C31A51 /* JPWebController.m */ = {isa = PBXFileReference; lastKnownFileType = sourcecode.c.objc; path = JPWebController.m; sourceTree = "<group>"; };
		394A420B221A3D7D00031585 /* ResponeLinkController.h */ = {isa = PBXFileReference; lastKnownFileType = sourcecode.c.h; path = ResponeLinkController.h; sourceTree = "<group>"; };
		394A420C221A3D7D00031585 /* ResponeLinkController.m */ = {isa = PBXFileReference; lastKnownFileType = sourcecode.c.objc; path = ResponeLinkController.m; sourceTree = "<group>"; };
		394A420D221A3D7D00031585 /* ResponeLinkController.xib */ = {isa = PBXFileReference; lastKnownFileType = file.xib; path = ResponeLinkController.xib; sourceTree = "<group>"; };
		394A4210221A404000031585 /* CustomButton.h */ = {isa = PBXFileReference; lastKnownFileType = sourcecode.c.h; path = CustomButton.h; sourceTree = "<group>"; };
		394A4211221A404000031585 /* CustomButton.m */ = {isa = PBXFileReference; lastKnownFileType = sourcecode.c.objc; path = CustomButton.m; sourceTree = "<group>"; };
		394B01D821DE3E39003F5210 /* 面试之道.app */ = {isa = PBXFileReference; explicitFileType = wrapper.application; includeInIndex = 0; path = "面试之道.app"; sourceTree = BUILT_PRODUCTS_DIR; };
		394B01DB21DE3E39003F5210 /* AppDelegate.h */ = {isa = PBXFileReference; lastKnownFileType = sourcecode.c.h; path = AppDelegate.h; sourceTree = "<group>"; };
		394B01DC21DE3E39003F5210 /* AppDelegate.m */ = {isa = PBXFileReference; lastKnownFileType = sourcecode.c.objc; path = AppDelegate.m; sourceTree = "<group>"; };
		394B01DE21DE3E39003F5210 /* ViewController.h */ = {isa = PBXFileReference; lastKnownFileType = sourcecode.c.h; path = ViewController.h; sourceTree = "<group>"; };
		394B01DF21DE3E39003F5210 /* ViewController.m */ = {isa = PBXFileReference; lastKnownFileType = sourcecode.c.objc; path = ViewController.m; sourceTree = "<group>"; };
		394B01E221DE3E39003F5210 /* Base */ = {isa = PBXFileReference; lastKnownFileType = file.storyboard; name = Base; path = Base.lproj/Main.storyboard; sourceTree = "<group>"; };
		394B01E421DE3E3A003F5210 /* Assets.xcassets */ = {isa = PBXFileReference; lastKnownFileType = folder.assetcatalog; path = Assets.xcassets; sourceTree = "<group>"; };
		394B01E721DE3E3A003F5210 /* Base */ = {isa = PBXFileReference; lastKnownFileType = file.storyboard; name = Base; path = Base.lproj/LaunchScreen.storyboard; sourceTree = "<group>"; };
		394B01E921DE3E3A003F5210 /* Info.plist */ = {isa = PBXFileReference; lastKnownFileType = text.plist.xml; path = Info.plist; sourceTree = "<group>"; };
		394B01EA21DE3E3A003F5210 /* main.m */ = {isa = PBXFileReference; lastKnownFileType = sourcecode.c.objc; path = main.m; sourceTree = "<group>"; };
		394B01F021DE3E3A003F5210 /* 面试之道Tests.xctest */ = {isa = PBXFileReference; explicitFileType = wrapper.cfbundle; includeInIndex = 0; path = "面试之道Tests.xctest"; sourceTree = BUILT_PRODUCTS_DIR; };
		394B01F421DE3E3A003F5210 /* ____Tests.m */ = {isa = PBXFileReference; lastKnownFileType = sourcecode.c.objc; path = "____Tests.m"; sourceTree = "<group>"; };
		394B01F621DE3E3A003F5210 /* Info.plist */ = {isa = PBXFileReference; lastKnownFileType = text.plist.xml; path = Info.plist; sourceTree = "<group>"; };
		394B01FB21DE3E3A003F5210 /* 面试之道UITests.xctest */ = {isa = PBXFileReference; explicitFileType = wrapper.cfbundle; includeInIndex = 0; path = "面试之道UITests.xctest"; sourceTree = BUILT_PRODUCTS_DIR; };
		394B01FF21DE3E3A003F5210 /* ____UITests.m */ = {isa = PBXFileReference; lastKnownFileType = sourcecode.c.objc; path = "____UITests.m"; sourceTree = "<group>"; };
		394B020121DE3E3A003F5210 /* Info.plist */ = {isa = PBXFileReference; lastKnownFileType = text.plist.xml; path = Info.plist; sourceTree = "<group>"; };
		394B020D21DE3EFB003F5210 /* Person.h */ = {isa = PBXFileReference; lastKnownFileType = sourcecode.c.h; path = Person.h; sourceTree = "<group>"; };
		394B020E21DE3EFB003F5210 /* Person.m */ = {isa = PBXFileReference; lastKnownFileType = sourcecode.c.objc; path = Person.m; sourceTree = "<group>"; };
		39732C6F235D859E00C7DEC8 /* PhoneUtils.m */ = {isa = PBXFileReference; fileEncoding = 4; lastKnownFileType = sourcecode.c.objc; path = PhoneUtils.m; sourceTree = "<group>"; };
		39732C70235D859E00C7DEC8 /* PhoneUtils.h */ = {isa = PBXFileReference; fileEncoding = 4; lastKnownFileType = sourcecode.c.h; path = PhoneUtils.h; sourceTree = "<group>"; };
		398D42822355649E009DF79E /* Son.h */ = {isa = PBXFileReference; lastKnownFileType = sourcecode.c.h; path = Son.h; sourceTree = "<group>"; };
		398D42832355649E009DF79E /* Son.m */ = {isa = PBXFileReference; lastKnownFileType = sourcecode.c.objc; path = Son.m; sourceTree = "<group>"; };
		398D4285235564B2009DF79E /* RuntimeController.h */ = {isa = PBXFileReference; lastKnownFileType = sourcecode.c.h; path = RuntimeController.h; sourceTree = "<group>"; };
		398D4286235564B2009DF79E /* RuntimeController.m */ = {isa = PBXFileReference; lastKnownFileType = sourcecode.c.objc; path = RuntimeController.m; sourceTree = "<group>"; };
		39C2AC5F21E847F600AC1524 /* CustomWebController.h */ = {isa = PBXFileReference; lastKnownFileType = sourcecode.c.h; path = CustomWebController.h; sourceTree = "<group>"; };
		39C2AC6021E847F600AC1524 /* CustomWebController.m */ = {isa = PBXFileReference; lastKnownFileType = sourcecode.c.objc; path = CustomWebController.m; sourceTree = "<group>"; };
		39C2AC6221E8C4AE00AC1524 /* demo3.html */ = {isa = PBXFileReference; fileEncoding = 4; lastKnownFileType = text.html; path = demo3.html; sourceTree = "<group>"; };
		39F3BC2721E4A7F10024E39B /* CustomJSObject.h */ = {isa = PBXFileReference; lastKnownFileType = sourcecode.c.h; path = CustomJSObject.h; sourceTree = "<group>"; };
		39F3BC2821E4A7F10024E39B /* CustomJSObject.m */ = {isa = PBXFileReference; lastKnownFileType = sourcecode.c.objc; path = CustomJSObject.m; sourceTree = "<group>"; };
		39F3BC2A21E4AAAF0024E39B /* demo.html */ = {isa = PBXFileReference; fileEncoding = 4; lastKnownFileType = text.html; path = demo.html; sourceTree = "<group>"; };
		91737A42EA82076715B59CC0 /* libPods-面试之道.a */ = {isa = PBXFileReference; explicitFileType = archive.ar; includeInIndex = 0; path = "libPods-面试之道.a"; sourceTree = BUILT_PRODUCTS_DIR; };
		D5E6FA38DDFD289AA077DEC2 /* Pods-面试之道.release.xcconfig */ = {isa = PBXFileReference; includeInIndex = 1; lastKnownFileType = text.xcconfig; name = "Pods-面试之道.release.xcconfig"; path = "Pods/Target Support Files/Pods-面试之道/Pods-面试之道.release.xcconfig"; sourceTree = "<group>"; };
/* End PBXFileReference section */

/* Begin PBXFrameworksBuildPhase section */
		394B01D521DE3E39003F5210 /* Frameworks */ = {
			isa = PBXFrameworksBuildPhase;
			buildActionMask = 2147483647;
			files = (
				4883DB86EB4E5B31F72EA8AF /* libPods-面试之道.a in Frameworks */,
				3905646A2204355500834FC5 /* JPFramework.framework in Frameworks */,
				3905642D220425E600834FC5 /* test.a in Frameworks */,
			);
			runOnlyForDeploymentPostprocessing = 0;
		};
		394B01ED21DE3E3A003F5210 /* Frameworks */ = {
			isa = PBXFrameworksBuildPhase;
			buildActionMask = 2147483647;
			files = (
			);
			runOnlyForDeploymentPostprocessing = 0;
		};
		394B01F821DE3E3A003F5210 /* Frameworks */ = {
			isa = PBXFrameworksBuildPhase;
			buildActionMask = 2147483647;
			files = (
			);
			runOnlyForDeploymentPostprocessing = 0;
		};
/* End PBXFrameworksBuildPhase section */

/* Begin PBXGroup section */
		390564052203E72C00834FC5 /* 设计模式 */ = {
			isa = PBXGroup;
			children = (
				390564062203E75900834FC5 /* DesignModeController.h */,
				390564072203E75900834FC5 /* DesignModeController.m */,
				390564082203E75900834FC5 /* DesignModeController.xib */,
				390D01CE2213033C0099C030 /* 装饰模式 */,
				390D01B52212FE1C0099C030 /* 策略模式 */,
			);
			path = "设计模式";
			sourceTree = "<group>";
		};
		390564242204228D00834FC5 /* 静态库和Framework的封装 */ = {
			isa = PBXGroup;
			children = (
				39056425220422B600834FC5 /* Note.js */,
				3905645A22042B6F00834FC5 /* Framework */,
				390564312204260100834FC5 /* Lib */,
				39056427220425B300834FC5 /* LibController.h */,
				39056428220425B300834FC5 /* LibController.m */,
				39056429220425B300834FC5 /* LibController.xib */,
			);
			path = "静态库和Framework的封装";
			sourceTree = "<group>";
		};
		3905642E220425FC00834FC5 /* include */ = {
			isa = PBXGroup;
			children = (
				3905642F220425FC00834FC5 /* JPClass.h */,
				39056430220425FC00834FC5 /* JPLib.h */,
			);
			path = include;
			sourceTree = "<group>";
		};
		390564312204260100834FC5 /* Lib */ = {
			isa = PBXGroup;
			children = (
				3905642E220425FC00834FC5 /* include */,
				3905642C220425E600834FC5 /* test.a */,
			);
			path = Lib;
			sourceTree = "<group>";
		};
		3905645A22042B6F00834FC5 /* Framework */ = {
			isa = PBXGroup;
			children = (
				390564692204355500834FC5 /* JPFramework.framework */,
			);
			path = Framework;
			sourceTree = "<group>";
		};
		3905711D21E03CF40061F6F8 /* 动画 */ = {
			isa = PBXGroup;
			children = (
				3905711E21E03D1E0061F6F8 /* AnimationController.h */,
				3905711F21E03D1E0061F6F8 /* AnimationController.m */,
				3905712021E03D1E0061F6F8 /* AnimationController.xib */,
			);
			path = "动画";
			sourceTree = "<group>";
		};
		3907D0F521EED001000B97AA /* Runloop */ = {
			isa = PBXGroup;
			children = (
				3907D0FB21EED061000B97AA /* RunLoopController.h */,
				3907D0FC21EED061000B97AA /* RunLoopController.m */,
				3907D0FD21EED061000B97AA /* RunLoopController.xib */,
			);
			path = Runloop;
			sourceTree = "<group>";
		};
		39084A3221F9D23100E2AA8A /* 推送通知 */ = {
			isa = PBXGroup;
			children = (
				39084A3821F9D52B00E2AA8A /* notification.png */,
				39084A3321F9D25800E2AA8A /* NativeNotificationController.h */,
				39084A3421F9D25800E2AA8A /* NativeNotificationController.m */,
				39084A3521F9D25800E2AA8A /* NativeNotificationController.xib */,
			);
			path = "推送通知";
			sourceTree = "<group>";
		};
		390CCDEF22050F0B00D9879E /* UITableView的重用机制 */ = {
			isa = PBXGroup;
			children = (
				390CCDF022050F5600D9879E /* CellReuseController.h */,
				390CCDF122050F5600D9879E /* CellReuseController.m */,
				390CCDF222050F5600D9879E /* CellReuseController.xib */,
				390CCDF52205128A00D9879E /* ViewReusePool.h */,
				390CCDF62205128A00D9879E /* ViewReusePool.m */,
				390CCDF8220514AA00D9879E /* IndexedTableview.h */,
				390CCDF9220514AA00D9879E /* IndexedTableview.m */,
			);
			path = "UITableView的重用机制";
			sourceTree = "<group>";
		};
		390D01B52212FE1C0099C030 /* 策略模式 */ = {
			isa = PBXGroup;
			children = (
				390D01B62212FE3B0099C030 /* Duck.h */,
				390D01B72212FE3B0099C030 /* Duck.m */,
				390D01C2221300A70099C030 /* DomesticDuck.h */,
				390D01C3221300A70099C030 /* DomesticDuck.m */,
				390D01CB2213019B0099C030 /* MallardDuck.h */,
				390D01CC2213019B0099C030 /* MallardDuck.m */,
				390D01BA2212FF800099C030 /* FlyBehavior.h */,
				390D01BB2212FF8C0099C030 /* QuackBehavior.h */,
				390D01C5221301210099C030 /* GaGaQuack.h */,
				390D01C6221301210099C030 /* GaGaQuack.m */,
				390D01C8221301300099C030 /* GuGuQuack.h */,
				390D01C9221301300099C030 /* GuGuQuack.m */,
				390D01BC2212FFC40099C030 /* FlyNoWay.h */,
				390D01BD2212FFC40099C030 /* FlyNoWay.m */,
				390D01BF221300240099C030 /* FlyWithWings.h */,
				390D01C0221300240099C030 /* FlyWithWings.m */,
			);
			path = "策略模式";
			sourceTree = "<group>";
		};
		390D01CE2213033C0099C030 /* 装饰模式 */ = {
			isa = PBXGroup;
			children = (
				390D01CF221304C90099C030 /* Beverage.h */,
				390D01D3221306430099C030 /* CodimentDecorator.h */,
				390D01D02213050B0099C030 /* Espresso.h */,
				390D01D12213050B0099C030 /* Espresso.m */,
				390D01D42213067A0099C030 /* Milk.h */,
				390D01D52213067A0099C030 /* Milk.m */,
				390D01D7221307CE0099C030 /* Mocha.h */,
				390D01D8221307CE0099C030 /* Mocha.m */,
			);
			path = "装饰模式";
			sourceTree = "<group>";
		};
		390FD6EC21E78601005B0032 /* WebView的交互 */ = {
			isa = PBXGroup;
			children = (
				390FD6F221E788BD005B0032 /* demo2.html */,
				390FD6ED21E7869E005B0032 /* WkWebViewController.h */,
				390FD6EE21E7869E005B0032 /* WkWebViewController.m */,
			);
			path = "WebView的交互";
			sourceTree = "<group>";
		};
		3937EBC021EDE1F900218EC3 /* 多线程 */ = {
			isa = PBXGroup;
			children = (
				3937EBC121EDE21F00218EC3 /* ThreadController.h */,
				3937EBC221EDE21F00218EC3 /* ThreadController.m */,
				3937EBC321EDE21F00218EC3 /* ThreadController.xib */,
				392497E4220290C8002C3468 /* TicketManager.h */,
				392497E5220290C8002C3468 /* TicketManager.m */,
				392497E722030A07002C3468 /* TaskSingle.h */,
				392497E822030A07002C3468 /* TaskSingle.m */,
				392497EA22030DEC002C3468 /* CustomOperation.h */,
				392497EB22030DEC002C3468 /* CustomOperation.m */,
			);
			path = "多线程";
			sourceTree = "<group>";
		};
		39419FC8235071B400D0D13F /* 私有库 */ = {
			isa = PBXGroup;
			children = (
				39419FC9235071EA00D0D13F /* PrivatePodsController.h */,
				39419FCA235071EA00D0D13F /* PrivatePodsController.m */,
			);
			path = "私有库";
			sourceTree = "<group>";
		};
		394A420A221A3D4A00031585 /* 响应链 */ = {
			isa = PBXGroup;
			children = (
				394A420B221A3D7D00031585 /* ResponeLinkController.h */,
				394A420C221A3D7D00031585 /* ResponeLinkController.m */,
				394A420D221A3D7D00031585 /* ResponeLinkController.xib */,
				394A4210221A404000031585 /* CustomButton.h */,
				394A4211221A404000031585 /* CustomButton.m */,
			);
			path = "响应链";
			sourceTree = "<group>";
		};
		394B01CF21DE3E39003F5210 = {
			isa = PBXGroup;
			children = (
				394B01DA21DE3E39003F5210 /* 面试之道 */,
				394B01F321DE3E3A003F5210 /* 面试之道Tests */,
				394B01FE21DE3E3A003F5210 /* 面试之道UITests */,
				394B01D921DE3E39003F5210 /* Products */,
				5DA7D40CB15F71D58009530E /* Pods */,
				8D4A20143B35BDDF59A655BD /* Frameworks */,
			);
			sourceTree = "<group>";
		};
		394B01D921DE3E39003F5210 /* Products */ = {
			isa = PBXGroup;
			children = (
				394B01D821DE3E39003F5210 /* 面试之道.app */,
				394B01F021DE3E3A003F5210 /* 面试之道Tests.xctest */,
				394B01FB21DE3E3A003F5210 /* 面试之道UITests.xctest */,
			);
			name = Products;
			sourceTree = "<group>";
		};
		394B01DA21DE3E39003F5210 /* 面试之道 */ = {
			isa = PBXGroup;
			children = (
				39084A3C21F9E64D00E2AA8A /* 面试之道.entitlements */,
				394B01DB21DE3E39003F5210 /* AppDelegate.h */,
				394B01DC21DE3E39003F5210 /* AppDelegate.m */,
				394B01DE21DE3E39003F5210 /* ViewController.h */,
				394B01DF21DE3E39003F5210 /* ViewController.m */,
				39732C6E235D858E00C7DEC8 /* Utils */,
				398D428123556481009DF79E /* Runtime */,
				39419FC8235071B400D0D13F /* 私有库 */,
				394A420A221A3D4A00031585 /* 响应链 */,
				390CCDEF22050F0B00D9879E /* UITableView的重用机制 */,
				390564242204228D00834FC5 /* 静态库和Framework的封装 */,
				390564052203E72C00834FC5 /* 设计模式 */,
				39084A3221F9D23100E2AA8A /* 推送通知 */,
				3907D0F521EED001000B97AA /* Runloop */,
				3937EBC021EDE1F900218EC3 /* 多线程 */,
				39F3BC2221E4A67F0024E39B /* JS交互 */,
				3905711D21E03CF40061F6F8 /* 动画 */,
				394B01E121DE3E39003F5210 /* Main.storyboard */,
				394B01E421DE3E3A003F5210 /* Assets.xcassets */,
				394B01E621DE3E3A003F5210 /* LaunchScreen.storyboard */,
				394B01E921DE3E3A003F5210 /* Info.plist */,
				394B01EA21DE3E3A003F5210 /* main.m */,
			);
			path = "面试之道";
			sourceTree = "<group>";
		};
		394B01F321DE3E3A003F5210 /* 面试之道Tests */ = {
			isa = PBXGroup;
			children = (
				394B01F421DE3E3A003F5210 /* ____Tests.m */,
				394B01F621DE3E3A003F5210 /* Info.plist */,
			);
			path = "面试之道Tests";
			sourceTree = "<group>";
		};
		394B01FE21DE3E3A003F5210 /* 面试之道UITests */ = {
			isa = PBXGroup;
			children = (
				394B01FF21DE3E3A003F5210 /* ____UITests.m */,
				394B020121DE3E3A003F5210 /* Info.plist */,
			);
			path = "面试之道UITests";
			sourceTree = "<group>";
		};
		39732C6E235D858E00C7DEC8 /* Utils */ = {
			isa = PBXGroup;
			children = (
				39732C70235D859E00C7DEC8 /* PhoneUtils.h */,
				39732C6F235D859E00C7DEC8 /* PhoneUtils.m */,
			);
			path = Utils;
			sourceTree = "<group>";
		};
		398D428123556481009DF79E /* Runtime */ = {
			isa = PBXGroup;
			children = (
				394B020D21DE3EFB003F5210 /* Person.h */,
				394B020E21DE3EFB003F5210 /* Person.m */,
				398D42822355649E009DF79E /* Son.h */,
				398D42832355649E009DF79E /* Son.m */,
				398D4285235564B2009DF79E /* RuntimeController.h */,
				398D4286235564B2009DF79E /* RuntimeController.m */,
			);
			path = Runtime;
			sourceTree = "<group>";
		};
		39C2AC5E21E8362300AC1524 /* JavaScriptBridge */ = {
			isa = PBXGroup;
			children = (
				39C2AC6221E8C4AE00AC1524 /* demo3.html */,
				39C2AC5F21E847F600AC1524 /* CustomWebController.h */,
				39C2AC6021E847F600AC1524 /* CustomWebController.m */,
			);
			path = JavaScriptBridge;
			sourceTree = "<group>";
		};
		39F3BC2221E4A67F0024E39B /* JS交互 */ = {
			isa = PBXGroup;
			children = (
				390FD6EA21E7828D005B0032 /* 与JS的交互.html */,
				39C2AC5E21E8362300AC1524 /* JavaScriptBridge */,
				390FD6EC21E78601005B0032 /* WebView的交互 */,
				39F3BC2321E4A6D70024E39B /* JSExport */,
			);
			path = "JS交互";
			sourceTree = "<group>";
		};
		39F3BC2321E4A6D70024E39B /* JSExport */ = {
			isa = PBXGroup;
			children = (
				39F3BC2A21E4AAAF0024E39B /* demo.html */,
				39478EC021E4B61200C31A51 /* JPWebController.h */,
				39478EC121E4B61200C31A51 /* JPWebController.m */,
				39F3BC2721E4A7F10024E39B /* CustomJSObject.h */,
				39F3BC2821E4A7F10024E39B /* CustomJSObject.m */,
			);
			path = JSExport;
			sourceTree = "<group>";
		};
		5DA7D40CB15F71D58009530E /* Pods */ = {
			isa = PBXGroup;
			children = (
				1691C6625376885181C32095 /* Pods-面试之道.debug.xcconfig */,
				D5E6FA38DDFD289AA077DEC2 /* Pods-面试之道.release.xcconfig */,
			);
			name = Pods;
			sourceTree = "<group>";
		};
		8D4A20143B35BDDF59A655BD /* Frameworks */ = {
			isa = PBXGroup;
			children = (
				91737A42EA82076715B59CC0 /* libPods-面试之道.a */,
			);
			name = Frameworks;
			sourceTree = "<group>";
		};
/* End PBXGroup section */

/* Begin PBXNativeTarget section */
		394B01D721DE3E39003F5210 /* 面试之道 */ = {
			isa = PBXNativeTarget;
			buildConfigurationList = 394B020421DE3E3A003F5210 /* Build configuration list for PBXNativeTarget "面试之道" */;
			buildPhases = (
				5101DC85C2CCBDE8BA09167B /* [CP] Check Pods Manifest.lock */,
				394B01D421DE3E39003F5210 /* Sources */,
				394B01D521DE3E39003F5210 /* Frameworks */,
				394B01D621DE3E39003F5210 /* Resources */,
				3905645D22042D6E00834FC5 /* CopyFiles */,
				9EC87F04DA877213DE2A77C6 /* [CP] Copy Pods Resources */,
			);
			buildRules = (
			);
			dependencies = (
			);
			name = "面试之道";
			productName = "面试之道";
			productReference = 394B01D821DE3E39003F5210 /* 面试之道.app */;
			productType = "com.apple.product-type.application";
		};
		394B01EF21DE3E3A003F5210 /* 面试之道Tests */ = {
			isa = PBXNativeTarget;
			buildConfigurationList = 394B020721DE3E3A003F5210 /* Build configuration list for PBXNativeTarget "面试之道Tests" */;
			buildPhases = (
				394B01EC21DE3E3A003F5210 /* Sources */,
				394B01ED21DE3E3A003F5210 /* Frameworks */,
				394B01EE21DE3E3A003F5210 /* Resources */,
			);
			buildRules = (
			);
			dependencies = (
				394B01F221DE3E3A003F5210 /* PBXTargetDependency */,
			);
			name = "面试之道Tests";
			productName = "面试之道Tests";
			productReference = 394B01F021DE3E3A003F5210 /* 面试之道Tests.xctest */;
			productType = "com.apple.product-type.bundle.unit-test";
		};
		394B01FA21DE3E3A003F5210 /* 面试之道UITests */ = {
			isa = PBXNativeTarget;
			buildConfigurationList = 394B020A21DE3E3A003F5210 /* Build configuration list for PBXNativeTarget "面试之道UITests" */;
			buildPhases = (
				394B01F721DE3E3A003F5210 /* Sources */,
				394B01F821DE3E3A003F5210 /* Frameworks */,
				394B01F921DE3E3A003F5210 /* Resources */,
			);
			buildRules = (
			);
			dependencies = (
				394B01FD21DE3E3A003F5210 /* PBXTargetDependency */,
			);
			name = "面试之道UITests";
			productName = "面试之道UITests";
			productReference = 394B01FB21DE3E3A003F5210 /* 面试之道UITests.xctest */;
			productType = "com.apple.product-type.bundle.ui-testing";
		};
/* End PBXNativeTarget section */

/* Begin PBXProject section */
		394B01D021DE3E39003F5210 /* Project object */ = {
			isa = PBXProject;
			attributes = {
				LastUpgradeCheck = 0940;
				ORGANIZATIONNAME = "Paul Gao";
				TargetAttributes = {
					394B01D721DE3E39003F5210 = {
						CreatedOnToolsVersion = 9.4.1;
						SystemCapabilities = {
							com.apple.Push = {
								enabled = 1;
							};
						};
					};
					394B01EF21DE3E3A003F5210 = {
						CreatedOnToolsVersion = 9.4.1;
						TestTargetID = 394B01D721DE3E39003F5210;
					};
					394B01FA21DE3E3A003F5210 = {
						CreatedOnToolsVersion = 9.4.1;
						TestTargetID = 394B01D721DE3E39003F5210;
					};
				};
			};
			buildConfigurationList = 394B01D321DE3E39003F5210 /* Build configuration list for PBXProject "面试之道" */;
			compatibilityVersion = "Xcode 9.3";
			developmentRegion = en;
			hasScannedForEncodings = 0;
			knownRegions = (
				en,
				Base,
			);
			mainGroup = 394B01CF21DE3E39003F5210;
			productRefGroup = 394B01D921DE3E39003F5210 /* Products */;
			projectDirPath = "";
			projectRoot = "";
			targets = (
				394B01D721DE3E39003F5210 /* 面试之道 */,
				394B01EF21DE3E3A003F5210 /* 面试之道Tests */,
				394B01FA21DE3E3A003F5210 /* 面试之道UITests */,
			);
		};
/* End PBXProject section */

/* Begin PBXResourcesBuildPhase section */
		394B01D621DE3E39003F5210 /* Resources */ = {
			isa = PBXResourcesBuildPhase;
			buildActionMask = 2147483647;
			files = (
				3905712221E03D1E0061F6F8 /* AnimationController.xib in Resources */,
				39084A3921F9D52B00E2AA8A /* notification.png in Resources */,
				3905642B220425B300834FC5 /* LibController.xib in Resources */,
				3937EBC521EDE21F00218EC3 /* ThreadController.xib in Resources */,
				394B01E821DE3E3A003F5210 /* LaunchScreen.storyboard in Resources */,
				394B01E521DE3E3A003F5210 /* Assets.xcassets in Resources */,
				39084A3721F9D25800E2AA8A /* NativeNotificationController.xib in Resources */,
				39C2AC6321E8C4AE00AC1524 /* demo3.html in Resources */,
				390CCDF422050F5600D9879E /* CellReuseController.xib in Resources */,
				3907D0FF21EED061000B97AA /* RunLoopController.xib in Resources */,
				3905640A2203E75900834FC5 /* DesignModeController.xib in Resources */,
				394B01E321DE3E39003F5210 /* Main.storyboard in Resources */,
				390FD6F321E788BD005B0032 /* demo2.html in Resources */,
				39F3BC2B21E4AAAF0024E39B /* demo.html in Resources */,
				394A420F221A3D7D00031585 /* ResponeLinkController.xib in Resources */,
			);
			runOnlyForDeploymentPostprocessing = 0;
		};
		394B01EE21DE3E3A003F5210 /* Resources */ = {
			isa = PBXResourcesBuildPhase;
			buildActionMask = 2147483647;
			files = (
			);
			runOnlyForDeploymentPostprocessing = 0;
		};
		394B01F921DE3E3A003F5210 /* Resources */ = {
			isa = PBXResourcesBuildPhase;
			buildActionMask = 2147483647;
			files = (
			);
			runOnlyForDeploymentPostprocessing = 0;
		};
/* End PBXResourcesBuildPhase section */

/* Begin PBXShellScriptBuildPhase section */
		5101DC85C2CCBDE8BA09167B /* [CP] Check Pods Manifest.lock */ = {
			isa = PBXShellScriptBuildPhase;
			buildActionMask = 2147483647;
			files = (
			);
			inputPaths = (
				"${PODS_PODFILE_DIR_PATH}/Podfile.lock",
				"${PODS_ROOT}/Manifest.lock",
			);
			name = "[CP] Check Pods Manifest.lock";
			outputPaths = (
				"$(DERIVED_FILE_DIR)/Pods-面试之道-checkManifestLockResult.txt",
			);
			runOnlyForDeploymentPostprocessing = 0;
			shellPath = /bin/sh;
			shellScript = "diff \"${PODS_PODFILE_DIR_PATH}/Podfile.lock\" \"${PODS_ROOT}/Manifest.lock\" > /dev/null\nif [ $? != 0 ] ; then\n    # print error to STDERR\n    echo \"error: The sandbox is not in sync with the Podfile.lock. Run 'pod install' or update your CocoaPods installation.\" >&2\n    exit 1\nfi\n# This output is used by Xcode 'outputs' to avoid re-running this script phase.\necho \"SUCCESS\" > \"${SCRIPT_OUTPUT_FILE_0}\"\n";
			showEnvVarsInLog = 0;
		};
		9EC87F04DA877213DE2A77C6 /* [CP] Copy Pods Resources */ = {
			isa = PBXShellScriptBuildPhase;
			buildActionMask = 2147483647;
			files = (
			);
			inputFileListPaths = (
				"${PODS_ROOT}/Target Support Files/Pods-面试之道/Pods-面试之道-resources-${CONFIGURATION}-input-files.xcfilelist",
			);
			name = "[CP] Copy Pods Resources";
			outputFileListPaths = (
				"${PODS_ROOT}/Target Support Files/Pods-面试之道/Pods-面试之道-resources-${CONFIGURATION}-output-files.xcfilelist",
			);
			runOnlyForDeploymentPostprocessing = 0;
			shellPath = /bin/sh;
			shellScript = "\"${PODS_ROOT}/Target Support Files/Pods-面试之道/Pods-面试之道-resources.sh\"\n";
			showEnvVarsInLog = 0;
		};
/* End PBXShellScriptBuildPhase section */

/* Begin PBXSourcesBuildPhase section */
		394B01D421DE3E39003F5210 /* Sources */ = {
			isa = PBXSourcesBuildPhase;
			buildActionMask = 2147483647;
			files = (
				39084A3621F9D25800E2AA8A /* NativeNotificationController.m in Sources */,
				390FD6EB21E7828D005B0032 /* 与JS的交互.html in Sources */,
				394A420E221A3D7D00031585 /* ResponeLinkController.m in Sources */,
				390D01C7221301210099C030 /* GaGaQuack.m in Sources */,
				39C2AC6121E847F600AC1524 /* CustomWebController.m in Sources */,
				390564092203E75900834FC5 /* DesignModeController.m in Sources */,
				392497E6220290C8002C3468 /* TicketManager.m in Sources */,
				390FD6EF21E7869E005B0032 /* WkWebViewController.m in Sources */,
				39732C71235D859E00C7DEC8 /* PhoneUtils.m in Sources */,
				390D01D22213050B0099C030 /* Espresso.m in Sources */,
				390D01BE2212FFC40099C030 /* FlyNoWay.m in Sources */,
				394B01E021DE3E39003F5210 /* ViewController.m in Sources */,
				390D01D9221307CE0099C030 /* Mocha.m in Sources */,
				3937EBC421EDE21F00218EC3 /* ThreadController.m in Sources */,
				39419FCB235071EA00D0D13F /* PrivatePodsController.m in Sources */,
				390CCDF322050F5600D9879E /* CellReuseController.m in Sources */,
				39F3BC2921E4A7F10024E39B /* CustomJSObject.m in Sources */,
				39056426220422B600834FC5 /* Note.js in Sources */,
				390D01C4221300A70099C030 /* DomesticDuck.m in Sources */,
				392497EC22030DEC002C3468 /* CustomOperation.m in Sources */,
				3905642A220425B300834FC5 /* LibController.m in Sources */,
				392497E922030A07002C3468 /* TaskSingle.m in Sources */,
				3905712121E03D1E0061F6F8 /* AnimationController.m in Sources */,
				390D01D62213067A0099C030 /* Milk.m in Sources */,
				394B01EB21DE3E3A003F5210 /* main.m in Sources */,
				398D42842355649E009DF79E /* Son.m in Sources */,
				390D01B82212FE3B0099C030 /* Duck.m in Sources */,
				398D4287235564B2009DF79E /* RuntimeController.m in Sources */,
				390D01C1221300240099C030 /* FlyWithWings.m in Sources */,
				394B020F21DE3EFB003F5210 /* Person.m in Sources */,
				390CCDFA220514AA00D9879E /* IndexedTableview.m in Sources */,
				390D01CA221301300099C030 /* GuGuQuack.m in Sources */,
				3907D0FE21EED061000B97AA /* RunLoopController.m in Sources */,
				390D01CD2213019B0099C030 /* MallardDuck.m in Sources */,
				394A4212221A404000031585 /* CustomButton.m in Sources */,
				390CCDF72205128A00D9879E /* ViewReusePool.m in Sources */,
				394B01DD21DE3E39003F5210 /* AppDelegate.m in Sources */,
				39478EC221E4B61200C31A51 /* JPWebController.m in Sources */,
			);
			runOnlyForDeploymentPostprocessing = 0;
		};
		394B01EC21DE3E3A003F5210 /* Sources */ = {
			isa = PBXSourcesBuildPhase;
			buildActionMask = 2147483647;
			files = (
				394B01F521DE3E3A003F5210 /* ____Tests.m in Sources */,
			);
			runOnlyForDeploymentPostprocessing = 0;
		};
		394B01F721DE3E3A003F5210 /* Sources */ = {
			isa = PBXSourcesBuildPhase;
			buildActionMask = 2147483647;
			files = (
				394B020021DE3E3A003F5210 /* ____UITests.m in Sources */,
			);
			runOnlyForDeploymentPostprocessing = 0;
		};
/* End PBXSourcesBuildPhase section */

/* Begin PBXTargetDependency section */
		394B01F221DE3E3A003F5210 /* PBXTargetDependency */ = {
			isa = PBXTargetDependency;
			target = 394B01D721DE3E39003F5210 /* 面试之道 */;
			targetProxy = 394B01F121DE3E3A003F5210 /* PBXContainerItemProxy */;
		};
		394B01FD21DE3E3A003F5210 /* PBXTargetDependency */ = {
			isa = PBXTargetDependency;
			target = 394B01D721DE3E39003F5210 /* 面试之道 */;
			targetProxy = 394B01FC21DE3E3A003F5210 /* PBXContainerItemProxy */;
		};
/* End PBXTargetDependency section */

/* Begin PBXVariantGroup section */
		394B01E121DE3E39003F5210 /* Main.storyboard */ = {
			isa = PBXVariantGroup;
			children = (
				394B01E221DE3E39003F5210 /* Base */,
			);
			name = Main.storyboard;
			sourceTree = "<group>";
		};
		394B01E621DE3E3A003F5210 /* LaunchScreen.storyboard */ = {
			isa = PBXVariantGroup;
			children = (
				394B01E721DE3E3A003F5210 /* Base */,
			);
			name = LaunchScreen.storyboard;
			sourceTree = "<group>";
		};
/* End PBXVariantGroup section */

/* Begin XCBuildConfiguration section */
		394B020221DE3E3A003F5210 /* Debug */ = {
			isa = XCBuildConfiguration;
			buildSettings = {
				ALWAYS_SEARCH_USER_PATHS = NO;
				CLANG_ANALYZER_NONNULL = YES;
				CLANG_ANALYZER_NUMBER_OBJECT_CONVERSION = YES_AGGRESSIVE;
				CLANG_CXX_LANGUAGE_STANDARD = "gnu++14";
				CLANG_CXX_LIBRARY = "libc++";
				CLANG_ENABLE_MODULES = YES;
				CLANG_ENABLE_OBJC_ARC = YES;
				CLANG_ENABLE_OBJC_WEAK = YES;
				CLANG_WARN_BLOCK_CAPTURE_AUTORELEASING = YES;
				CLANG_WARN_BOOL_CONVERSION = YES;
				CLANG_WARN_COMMA = YES;
				CLANG_WARN_CONSTANT_CONVERSION = YES;
				CLANG_WARN_DEPRECATED_OBJC_IMPLEMENTATIONS = YES;
				CLANG_WARN_DIRECT_OBJC_ISA_USAGE = YES_ERROR;
				CLANG_WARN_DOCUMENTATION_COMMENTS = YES;
				CLANG_WARN_EMPTY_BODY = YES;
				CLANG_WARN_ENUM_CONVERSION = YES;
				CLANG_WARN_INFINITE_RECURSION = YES;
				CLANG_WARN_INT_CONVERSION = YES;
				CLANG_WARN_NON_LITERAL_NULL_CONVERSION = YES;
				CLANG_WARN_OBJC_IMPLICIT_RETAIN_SELF = YES;
				CLANG_WARN_OBJC_LITERAL_CONVERSION = YES;
				CLANG_WARN_OBJC_ROOT_CLASS = YES_ERROR;
				CLANG_WARN_RANGE_LOOP_ANALYSIS = YES;
				CLANG_WARN_STRICT_PROTOTYPES = YES;
				CLANG_WARN_SUSPICIOUS_MOVE = YES;
				CLANG_WARN_UNGUARDED_AVAILABILITY = YES_AGGRESSIVE;
				CLANG_WARN_UNREACHABLE_CODE = YES;
				CLANG_WARN__DUPLICATE_METHOD_MATCH = YES;
				CODE_SIGN_IDENTITY = "iPhone Developer";
				COPY_PHASE_STRIP = NO;
				DEBUG_INFORMATION_FORMAT = dwarf;
				ENABLE_STRICT_OBJC_MSGSEND = YES;
				ENABLE_TESTABILITY = YES;
				GCC_C_LANGUAGE_STANDARD = gnu11;
				GCC_DYNAMIC_NO_PIC = NO;
				GCC_NO_COMMON_BLOCKS = YES;
				GCC_OPTIMIZATION_LEVEL = 0;
				GCC_PREPROCESSOR_DEFINITIONS = (
					"DEBUG=1",
					"$(inherited)",
				);
				GCC_WARN_64_TO_32_BIT_CONVERSION = YES;
				GCC_WARN_ABOUT_RETURN_TYPE = YES_ERROR;
				GCC_WARN_UNDECLARED_SELECTOR = YES;
				GCC_WARN_UNINITIALIZED_AUTOS = YES_AGGRESSIVE;
				GCC_WARN_UNUSED_FUNCTION = YES;
				GCC_WARN_UNUSED_VARIABLE = YES;
				IPHONEOS_DEPLOYMENT_TARGET = 11.4;
				MTL_ENABLE_DEBUG_INFO = YES;
				ONLY_ACTIVE_ARCH = YES;
				SDKROOT = iphoneos;
			};
			name = Debug;
		};
		394B020321DE3E3A003F5210 /* Release */ = {
			isa = XCBuildConfiguration;
			buildSettings = {
				ALWAYS_SEARCH_USER_PATHS = NO;
				CLANG_ANALYZER_NONNULL = YES;
				CLANG_ANALYZER_NUMBER_OBJECT_CONVERSION = YES_AGGRESSIVE;
				CLANG_CXX_LANGUAGE_STANDARD = "gnu++14";
				CLANG_CXX_LIBRARY = "libc++";
				CLANG_ENABLE_MODULES = YES;
				CLANG_ENABLE_OBJC_ARC = YES;
				CLANG_ENABLE_OBJC_WEAK = YES;
				CLANG_WARN_BLOCK_CAPTURE_AUTORELEASING = YES;
				CLANG_WARN_BOOL_CONVERSION = YES;
				CLANG_WARN_COMMA = YES;
				CLANG_WARN_CONSTANT_CONVERSION = YES;
				CLANG_WARN_DEPRECATED_OBJC_IMPLEMENTATIONS = YES;
				CLANG_WARN_DIRECT_OBJC_ISA_USAGE = YES_ERROR;
				CLANG_WARN_DOCUMENTATION_COMMENTS = YES;
				CLANG_WARN_EMPTY_BODY = YES;
				CLANG_WARN_ENUM_CONVERSION = YES;
				CLANG_WARN_INFINITE_RECURSION = YES;
				CLANG_WARN_INT_CONVERSION = YES;
				CLANG_WARN_NON_LITERAL_NULL_CONVERSION = YES;
				CLANG_WARN_OBJC_IMPLICIT_RETAIN_SELF = YES;
				CLANG_WARN_OBJC_LITERAL_CONVERSION = YES;
				CLANG_WARN_OBJC_ROOT_CLASS = YES_ERROR;
				CLANG_WARN_RANGE_LOOP_ANALYSIS = YES;
				CLANG_WARN_STRICT_PROTOTYPES = YES;
				CLANG_WARN_SUSPICIOUS_MOVE = YES;
				CLANG_WARN_UNGUARDED_AVAILABILITY = YES_AGGRESSIVE;
				CLANG_WARN_UNREACHABLE_CODE = YES;
				CLANG_WARN__DUPLICATE_METHOD_MATCH = YES;
				CODE_SIGN_IDENTITY = "iPhone Developer";
				COPY_PHASE_STRIP = NO;
				DEBUG_INFORMATION_FORMAT = "dwarf-with-dsym";
				ENABLE_NS_ASSERTIONS = NO;
				ENABLE_STRICT_OBJC_MSGSEND = YES;
				GCC_C_LANGUAGE_STANDARD = gnu11;
				GCC_NO_COMMON_BLOCKS = YES;
				GCC_WARN_64_TO_32_BIT_CONVERSION = YES;
				GCC_WARN_ABOUT_RETURN_TYPE = YES_ERROR;
				GCC_WARN_UNDECLARED_SELECTOR = YES;
				GCC_WARN_UNINITIALIZED_AUTOS = YES_AGGRESSIVE;
				GCC_WARN_UNUSED_FUNCTION = YES;
				GCC_WARN_UNUSED_VARIABLE = YES;
				IPHONEOS_DEPLOYMENT_TARGET = 11.4;
				MTL_ENABLE_DEBUG_INFO = NO;
				SDKROOT = iphoneos;
				VALIDATE_PRODUCT = YES;
			};
			name = Release;
		};
		394B020521DE3E3A003F5210 /* Debug */ = {
			isa = XCBuildConfiguration;
			baseConfigurationReference = 1691C6625376885181C32095 /* Pods-面试之道.debug.xcconfig */;
			buildSettings = {
				ASSETCATALOG_COMPILER_APPICON_NAME = AppIcon;
				CODE_SIGN_ENTITLEMENTS = "面试之道/面试之道.entitlements";
				CODE_SIGN_STYLE = Automatic;
				DEVELOPMENT_TEAM = T7DLS38GH3;
				FRAMEWORK_SEARCH_PATHS = (
					"$(inherited)",
					"$(PROJECT_DIR)/面试之道/静态库和Framework的封装/Framework",
				);
				INFOPLIST_FILE = "面试之道/Info.plist";
				LD_RUNPATH_SEARCH_PATHS = (
					"$(inherited)",
					"@executable_path/Frameworks",
				);
				LIBRARY_SEARCH_PATHS = (
					"$(inherited)",
					"$(PROJECT_DIR)/面试之道/静态库和Framework的封装",
				);
				OTHER_LDFLAGS = (
					"$(inherited)",
					"-ObjC",
					"-l\"WebViewJavascriptBridge\"",
					"-framework",
					"\"UIKit\"",
					"-framework",
					"\"WebKit\"",
					"-ObjC",
				);
				PRODUCT_BUNDLE_IDENTIFIER = "com.tm.----";
				PRODUCT_NAME = "$(TARGET_NAME)";
				TARGETED_DEVICE_FAMILY = "1,2";
			};
			name = Debug;
		};
		394B020621DE3E3A003F5210 /* Release */ = {
			isa = XCBuildConfiguration;
			baseConfigurationReference = D5E6FA38DDFD289AA077DEC2 /* Pods-面试之道.release.xcconfig */;
			buildSettings = {
				ASSETCATALOG_COMPILER_APPICON_NAME = AppIcon;
				CODE_SIGN_ENTITLEMENTS = "面试之道/面试之道.entitlements";
				CODE_SIGN_STYLE = Automatic;
				DEVELOPMENT_TEAM = T7DLS38GH3;
				FRAMEWORK_SEARCH_PATHS = (
					"$(inherited)",
					"$(PROJECT_DIR)/面试之道/静态库和Framework的封装/Framework",
				);
				INFOPLIST_FILE = "面试之道/Info.plist";
				LD_RUNPATH_SEARCH_PATHS = (
					"$(inherited)",
					"@executable_path/Frameworks",
				);
				LIBRARY_SEARCH_PATHS = (
					"$(inherited)",
					"$(PROJECT_DIR)/面试之道/静态库和Framework的封装",
				);
				OTHER_LDFLAGS = (
					"$(inherited)",
					"-ObjC",
					"-l\"WebViewJavascriptBridge\"",
					"-framework",
					"\"UIKit\"",
					"-framework",
					"\"WebKit\"",
					"-ObjC",
				);
				PRODUCT_BUNDLE_IDENTIFIER = "com.tm.----";
				PRODUCT_NAME = "$(TARGET_NAME)";
				TARGETED_DEVICE_FAMILY = "1,2";
			};
			name = Release;
		};
		394B020821DE3E3A003F5210 /* Debug */ = {
			isa = XCBuildConfiguration;
			buildSettings = {
				BUNDLE_LOADER = "$(TEST_HOST)";
				CODE_SIGN_STYLE = Automatic;
				INFOPLIST_FILE = "面试之道Tests/Info.plist";
				LD_RUNPATH_SEARCH_PATHS = (
					"$(inherited)",
					"@executable_path/Frameworks",
					"@loader_path/Frameworks",
				);
				PRODUCT_BUNDLE_IDENTIFIER = "com.tm.----Tests";
				PRODUCT_NAME = "$(TARGET_NAME)";
				TARGETED_DEVICE_FAMILY = "1,2";
				TEST_HOST = "$(BUILT_PRODUCTS_DIR)/面试之道.app/面试之道";
			};
			name = Debug;
		};
		394B020921DE3E3A003F5210 /* Release */ = {
			isa = XCBuildConfiguration;
			buildSettings = {
				BUNDLE_LOADER = "$(TEST_HOST)";
				CODE_SIGN_STYLE = Automatic;
				INFOPLIST_FILE = "面试之道Tests/Info.plist";
				LD_RUNPATH_SEARCH_PATHS = (
					"$(inherited)",
					"@executable_path/Frameworks",
					"@loader_path/Frameworks",
				);
				PRODUCT_BUNDLE_IDENTIFIER = "com.tm.----Tests";
				PRODUCT_NAME = "$(TARGET_NAME)";
				TARGETED_DEVICE_FAMILY = "1,2";
				TEST_HOST = "$(BUILT_PRODUCTS_DIR)/面试之道.app/面试之道";
			};
			name = Release;
		};
		394B020B21DE3E3A003F5210 /* Debug */ = {
			isa = XCBuildConfiguration;
			buildSettings = {
				CODE_SIGN_STYLE = Automatic;
				INFOPLIST_FILE = "面试之道UITests/Info.plist";
				LD_RUNPATH_SEARCH_PATHS = (
					"$(inherited)",
					"@executable_path/Frameworks",
					"@loader_path/Frameworks",
				);
				PRODUCT_BUNDLE_IDENTIFIER = "com.tm.----UITests";
				PRODUCT_NAME = "$(TARGET_NAME)";
				TARGETED_DEVICE_FAMILY = "1,2";
				TEST_TARGET_NAME = "面试之道";
			};
			name = Debug;
		};
		394B020C21DE3E3A003F5210 /* Release */ = {
			isa = XCBuildConfiguration;
			buildSettings = {
				CODE_SIGN_STYLE = Automatic;
				INFOPLIST_FILE = "面试之道UITests/Info.plist";
				LD_RUNPATH_SEARCH_PATHS = (
					"$(inherited)",
					"@executable_path/Frameworks",
					"@loader_path/Frameworks",
				);
				PRODUCT_BUNDLE_IDENTIFIER = "com.tm.----UITests";
				PRODUCT_NAME = "$(TARGET_NAME)";
				TARGETED_DEVICE_FAMILY = "1,2";
				TEST_TARGET_NAME = "面试之道";
			};
			name = Release;
		};
/* End XCBuildConfiguration section */

/* Begin XCConfigurationList section */
		394B01D321DE3E39003F5210 /* Build configuration list for PBXProject "面试之道" */ = {
			isa = XCConfigurationList;
			buildConfigurations = (
				394B020221DE3E3A003F5210 /* Debug */,
				394B020321DE3E3A003F5210 /* Release */,
			);
			defaultConfigurationIsVisible = 0;
			defaultConfigurationName = Release;
		};
		394B020421DE3E3A003F5210 /* Build configuration list for PBXNativeTarget "面试之道" */ = {
			isa = XCConfigurationList;
			buildConfigurations = (
				394B020521DE3E3A003F5210 /* Debug */,
				394B020621DE3E3A003F5210 /* Release */,
			);
			defaultConfigurationIsVisible = 0;
			defaultConfigurationName = Release;
		};
		394B020721DE3E3A003F5210 /* Build configuration list for PBXNativeTarget "面试之道Tests" */ = {
			isa = XCConfigurationList;
			buildConfigurations = (
				394B020821DE3E3A003F5210 /* Debug */,
				394B020921DE3E3A003F5210 /* Release */,
			);
			defaultConfigurationIsVisible = 0;
			defaultConfigurationName = Release;
		};
		394B020A21DE3E3A003F5210 /* Build configuration list for PBXNativeTarget "面试之道UITests" */ = {
			isa = XCConfigurationList;
			buildConfigurations = (
				394B020B21DE3E3A003F5210 /* Debug */,
				394B020C21DE3E3A003F5210 /* Release */,
			);
			defaultConfigurationIsVisible = 0;
			defaultConfigurationName = Release;
		};
/* End XCConfigurationList section */
	};
	rootObject = 394B01D021DE3E39003F5210 /* Project object */;
}
