<?xml version="1.0" encoding="UTF-8"?>
<Scheme
   LastUpgradeVersion = "1020"
   wasCreatedForAppExtension = "YES"
   version = "2.0">
   <BuildAction
      parallelizeBuildables = "YES"
      buildImplicitDependencies = "YES">
      <BuildActionEntries>
         <BuildActionEntry
            buildForTesting = "YES"
            buildForRunning = "YES"
            buildForProfiling = "YES"
            buildForArchiving = "YES"
            buildForAnalyzing = "YES">
            <BuildableReference
               BuildableIdentifier = "primary"
               BlueprintIdentifier = "39D4A8CC2385154600D8CB35"
               BuildableName = "CallKitExtension.appex"
               BlueprintName = "CallKitExtension"
               ReferencedContainer = "container:&#x9762;&#x8bd5;&#x4e4b;&#x9053;.xcodeproj">
            </BuildableReference>
         </BuildActionEntry>
         <BuildActionEntry
            buildForTesting = "YES"
            buildForRunning = "YES"
            buildForProfiling = "YES"
            buildForArchiving = "YES"
            buildForAnalyzing = "YES">
            <BuildableReference
               BuildableIdentifier = "primary"
               BlueprintIdentifier = "394B01D721DE3E39003F5210"
               BuildableName = "&#x9762;&#x8bd5;&#x4e4b;&#x9053;.app"
               BlueprintName = "&#x9762;&#x8bd5;&#x4e4b;&#x9053;"
               ReferencedContainer = "container:&#x9762;&#x8bd5;&#x4e4b;&#x9053;.xcodeproj">
            </BuildableReference>
         </BuildActionEntry>
      </BuildActionEntries>
   </BuildAction>
   <TestAction
      buildConfiguration = "Debug"
      selectedDebuggerIdentifier = "Xcode.DebuggerFoundation.Debugger.LLDB"
      selectedLauncherIdentifier = "Xcode.DebuggerFoundation.Launcher.LLDB"
      shouldUseLaunchSchemeArgsEnv = "YES">
      <Testables>
      </Testables>
      <MacroExpansion>
         <BuildableReference
            BuildableIdentifier = "primary"
            BlueprintIdentifier = "39D4A8CC2385154600D8CB35"
            BuildableName = "CallKitExtension.appex"
            BlueprintName = "CallKitExtension"
            ReferencedContainer = "container:&#x9762;&#x8bd5;&#x4e4b;&#x9053;.xcodeproj">
         </BuildableReference>
      </MacroExpansion>
      <AdditionalOptions>
      </AdditionalOptions>
   </TestAction>
   <LaunchAction
      buildConfiguration = "Debug"
      selectedDebuggerIdentifier = ""
      selectedLauncherIdentifier = "Xcode.IDEFoundation.Launcher.PosixSpawn"
      launchStyle = "0"
      useCustomWorkingDirectory = "NO"
      ignoresPersistentStateOnLaunch = "NO"
      debugDocumentVersioning = "YES"
      debugServiceExtension = "internal"
      allowLocationSimulation = "YES"
      launchAutomaticallySubstyle = "2">
      <BuildableProductRunnable
         runnableDebuggingMode = "0">
         <BuildableReference
            BuildableIdentifier = "primary"
            BlueprintIdentifier = "394B01D721DE3E39003F5210"
            BuildableName = "&#x9762;&#x8bd5;&#x4e4b;&#x9053;.app"
            BlueprintName = "&#x9762;&#x8bd5;&#x4e4b;&#x9053;"
            ReferencedContainer = "container:&#x9762;&#x8bd5;&#x4e4b;&#x9053;.xcodeproj">
         </BuildableReference>
      </BuildableProductRunnable>
      <AdditionalOptions>
      </AdditionalOptions>
   </LaunchAction>
   <ProfileAction
      buildConfiguration = "Release"
      shouldUseLaunchSchemeArgsEnv = "YES"
      savedToolIdentifier = ""
      useCustomWorkingDirectory = "NO"
      debugDocumentVersioning = "YES"
      launchAutomaticallySubstyle = "2">
      <BuildableProductRunnable
         runnableDebuggingMode = "0">
         <BuildableReference
            BuildableIdentifier = "primary"
            BlueprintIdentifier = "394B01D721DE3E39003F5210"
            BuildableName = "&#x9762;&#x8bd5;&#x4e4b;&#x9053;.app"
            BlueprintName = "&#x9762;&#x8bd5;&#x4e4b;&#x9053;"
            ReferencedContainer = "container:&#x9762;&#x8bd5;&#x4e4b;&#x9053;.xcodeproj">
         </BuildableReference>
      </BuildableProductRunnable>
   </ProfileAction>
   <AnalyzeAction
      buildConfiguration = "Debug">
   </AnalyzeAction>
   <ArchiveAction
      buildConfiguration = "Release"
      revealArchiveInOrganizer = "YES">
   </ArchiveAction>
</Scheme>
